
Microsoft Visual Studio Solution File, Format Version 12.00
# Visual Studio Version 16
VisualStudioVersion = 16.0.28714.193
MinimumVisualStudioVersion = 10.0.40219.1
Project("{9A19103F-16F7-4668-BE54-9A1E7A4F7556}") = "DDApp", "DDApp\DDApp.csproj", "{D1ED7468-B498-4F93-BEC4-F985B1777B4D}"
EndProject
Global
	GlobalSection(SolutionConfigurationPlatforms) = preSolution
		Debug|Any CPU = Debug|Any CPU
		Release|Any CPU = Release|Any CPU
	EndGlobalSection
	GlobalSection(ProjectConfigurationPlatforms) = postSolution
		{D1ED7468-B498-4F93-BEC4-F985B1777B4D}.Debug|Any CPU.ActiveCfg = Debug|Any CPU
		{D1ED7468-B498-4F93-BEC4-F985B1777B4D}.Debug|Any CPU.Build.0 = Debug|Any CPU
		{D1ED7468-B498-4F93-BEC4-F985B1777B4D}.Release|Any CPU.ActiveCfg = Release|Any CPU
		{D1ED7468-B498-4F93-BEC4-F985B1777B4D}.Release|Any CPU.Build.0 = Release|Any CPU
	EndGlobalSection
	GlobalSection(SolutionProperties) = preSolution
		HideSolutionNode = FALSE
	EndGlobalSection
	GlobalSection(ExtensibilityGlobals) = postSolution
		SolutionGuid = {E455B8D6-7717-4EF5-896D-29EAAD9A7BA6}
	EndGlobalSection
EndGlobal
